<?xml version="1.0" encoding="utf-8"?>
<Project ToolsVersion="4.0" xmlns="http://schemas.microsoft.com/developer/msbuild/2003">
  <ItemGroup>
    <Filter Include="Source Files">
      <UniqueIdentifier>{E4E7E6BD-7413-4C86-833B-AEDBEE6E177B}</UniqueIdentifier>
      <Extensions>cpp;c;cc;cxx;def;odl;idl;hpj;bat;asm;asmx</Extensions>
    </Filter>
    <Filter Include="Header Files">
      <UniqueIdentifier>{9D030113-ED93-406C-BDFF-B351B8293F80}</UniqueIdentifier>
      <Extensions>h;hpp;hxx;hm;inl;inc;xsd</Extensions>
    </Filter>
    <Filter Include="Source Files\bsum">
      <UniqueIdentifier>{bc2d7257-f0e4-4cdc-83d3-e43de2b92009}</UniqueIdentifier>
    </Filter>
    <Filter Include="Source Files\kg">
      <UniqueIdentifier>{2455007c-f74a-43be-bb06-0580f8bd5e2f}</UniqueIdentifier>
    </Filter>
    <Filter Include="Source Files\stamp">
      <UniqueIdentifier>{4e7f52c5-744f-4876-8ea7-369ec6aaaa3f}</UniqueIdentifier>
    </Filter>
    <Filter Include="Resource Files">
      <UniqueIdentifier>{fe74ac43-e0bf-4124-8957-064a2e26c1f4}</UniqueIdentifier>
    </Filter>
  </ItemGroup>
  <ItemGroup>
    <ClCompile Include="..\..\cmd\bsum\bsum.c">
      <Filter>Source Files\bsum</Filter>
    </ClCompile>
    <ClCompile Include="..\..\cmd\kg\kg.c">
      <Filter>Source Files\kg</Filter>
    </ClCompile>
    <ClCompile Include="..\..\cmd\cmd_core.c">
      <Filter>Source Files</Filter>
    </ClCompile>
    <ClCompile Include="..\..\cmd\cmd_main.c">
      <Filter>Source Files</Filter>
    </ClCompile>
    <ClCompile Include="..\..\cmd\cmd_pwd.c">
      <Filter>Source Files</Filter>
    </ClCompile>
    <ClCompile Include="..\..\cmd\cmd_privkey.c">
      <Filter>Source Files</Filter>
    </ClCompile>
    <ClCompile Include="..\..\cmd\stamp\stamp.c">
      <Filter>Source Files\stamp</Filter>
    </ClCompile>
  </ItemGroup>
  <ItemGroup>
    <ClInclude Include="..\..\cmd\cmd.h">
      <Filter>Header Files</Filter>
    </ClInclude>
  </ItemGroup>
  <ItemGroup>
    <ResourceCompile Include="..\..\cmd\stamp\stamp.rc">
      <Filter>Resource Files</Filter>
    </ResourceCompile>
  </ItemGroup>
</Project>