<?xml version="1.0" encoding="utf-8"?>
<Project ToolsVersion="4.0" xmlns="http://schemas.microsoft.com/developer/msbuild/2003">
  <ItemGroup>
    <Filter Include="Source Files">
      <UniqueIdentifier>{4FC737F1-C7A5-4376-A066-2A32D752A2FF}</UniqueIdentifier>
      <Extensions>cpp;c;cc;cxx;def;odl;idl;hpj;bat;asm;asmx</Extensions>
    </Filter>
    <Filter Include="Source Files\core">
      <UniqueIdentifier>{250c3379-e399-4ca7-bf50-40baa5d86020}</UniqueIdentifier>
    </Filter>
    <Filter Include="Source Files\math">
      <UniqueIdentifier>{9aaf0803-c53f-4bb3-bfe1-bc4ee66926ce}</UniqueIdentifier>
    </Filter>
    <Filter Include="Source Files\crypto">
      <UniqueIdentifier>{cdadf407-025c-4322-82e9-9d210005267f}</UniqueIdentifier>
    </Filter>
    <Filter Include="Header Files">
      <UniqueIdentifier>{93995380-89BD-4b04-88EB-625FBE52EBFB}</UniqueIdentifier>
      <Extensions>h;hpp;hxx;hm;inl;inc;xsd</Extensions>
    </Filter>
    <Filter Include="Resource Files">
      <UniqueIdentifier>{67DA6AB6-F800-4c08-8B7A-83BB121AAD01}</UniqueIdentifier>
      <Extensions>rc;ico;cur;bmp;dlg;rc2;rct;bin;rgs;gif;jpg;jpeg;jpe;resx;tiff;tif;png;wav</Extensions>
    </Filter>
    <Filter Include="Header Files\math">
      <UniqueIdentifier>{69433c54-9bbc-4910-8ac1-d4218ca8b68f}</UniqueIdentifier>
    </Filter>
    <Filter Include="Header Files\crypto">
      <UniqueIdentifier>{cb2c7402-6dbf-4e3e-bc54-4dc9eb496231}</UniqueIdentifier>
    </Filter>
    <Filter Include="Header Files\core">
      <UniqueIdentifier>{2d3ebb2b-9496-4d54-a218-14185ca26655}</UniqueIdentifier>
    </Filter>
    <Filter Include="Source Files\crypto\belt">
      <UniqueIdentifier>{ffe9c675-8d9c-40e7-a9ba-d478da7466f4}</UniqueIdentifier>
    </Filter>
    <Filter Include="Source Files\math\zz">
      <UniqueIdentifier>{08ef8410-6adc-41cc-9749-8b8e2c4e60ce}</UniqueIdentifier>
    </Filter>
    <Filter Include="Source Files\crypto\bash">
      <UniqueIdentifier>{1b2655da-6d78-4597-a66c-bc67357b1340}</UniqueIdentifier>
    </Filter>
    <Filter Include="Source Files\crypto\btok">
      <UniqueIdentifier>{9f284c79-794b-4a32-80a9-777cace4f97e}</UniqueIdentifier>
    </Filter>
    <Filter Include="Source Files\crypto\bign">
      <UniqueIdentifier>{f61e0e6a-2928-412c-872d-fda7b672d9b9}</UniqueIdentifier>
    </Filter>
    <Filter Include="Source Files\math\pp">
      <UniqueIdentifier>{669eff52-7fc5-4c8a-94df-a1881f5218d5}</UniqueIdentifier>
    </Filter>
  </ItemGroup>
  <ItemGroup>
    <ClCompile Include="..\..\src\math\ecp.c">
      <Filter>Source Files\math</Filter>
    </ClCompile>
    <ClCompile Include="..\..\src\math\gf2.c">
      <Filter>Source Files\math</Filter>
    </ClCompile>
    <ClCompile Include="..\..\src\math\gfp.c">
      <Filter>Source Files\math</Filter>
    </ClCompile>
    <ClCompile Include="..\..\src\crypto\bels.c">
      <Filter>Source Files\crypto</Filter>
    </ClCompile>
    <ClCompile Include="..\..\src\crypto\brng.c">
      <Filter>Source Files\crypto</Filter>
    </ClCompile>
    <ClCompile Include="..\..\src\crypto\dstu.c">
      <Filter>Source Files\crypto</Filter>
    </ClCompile>
    <ClCompile Include="..\..\src\math\qr.c">
      <Filter>Source Files\math</Filter>
    </ClCompile>
    <ClCompile Include="..\..\src\core\err.c">
      <Filter>Source Files\core</Filter>
    </ClCompile>
    <ClCompile Include="..\..\src\core\mem.c">
      <Filter>Source Files\core</Filter>
    </ClCompile>
    <ClCompile Include="..\..\src\core\oid.c">
      <Filter>Source Files\core</Filter>
    </ClCompile>
    <ClCompile Include="..\..\src\core\str.c">
      <Filter>Source Files\core</Filter>
    </ClCompile>
    <ClCompile Include="..\..\src\core\util.c">
      <Filter>Source Files\core</Filter>
    </ClCompile>
    <ClCompile Include="..\..\src\crypto\g12s.c">
      <Filter>Source Files\crypto</Filter>
    </ClCompile>
    <ClCompile Include="..\..\src\math\ec.c">
      <Filter>Source Files\math</Filter>
    </ClCompile>
    <ClCompile Include="..\..\src\math\zm.c">
      <Filter>Source Files\math</Filter>
    </ClCompile>
    <ClCompile Include="..\..\src\core\blob.c">
      <Filter>Source Files\core</Filter>
    </ClCompile>
    <ClCompile Include="..\..\src\math\ec2.c">
      <Filter>Source Files\math</Filter>
    </ClCompile>
    <ClCompile Include="..\..\src\core\der.c">
      <Filter>Source Files\core</Filter>
    </ClCompile>
    <ClCompile Include="..\..\src\core\obj.c">
      <Filter>Source Files\core</Filter>
    </ClCompile>
    <ClCompile Include="..\..\src\crypto\bake.c">
      <Filter>Source Files\crypto</Filter>
    </ClCompile>
    <ClCompile Include="..\..\src\crypto\pfok.c">
      <Filter>Source Files\crypto</Filter>
    </ClCompile>
    <ClCompile Include="..\..\src\math\pri.c">
      <Filter>Source Files\math</Filter>
    </ClCompile>
    <ClCompile Include="..\..\src\core\mt.c">
      <Filter>Source Files\core</Filter>
    </ClCompile>
    <ClCompile Include="..\..\src\core\prng.c">
      <Filter>Source Files\core</Filter>
    </ClCompile>
    <ClCompile Include="..\..\src\core\rng.c">
      <Filter>Source Files\core</Filter>
    </ClCompile>
    <ClCompile Include="..\..\src\core\tm.c">
      <Filter>Source Files\core</Filter>
    </ClCompile>
    <ClCompile Include="..\..\src\math\ww.c">
      <Filter>Source Files\math</Filter>
    </ClCompile>
    <ClCompile Include="..\..\src\crypto\belt\belt_bde.c">
      <Filter>Source Files\crypto\belt</Filter>
    </ClCompile>
    <ClCompile Include="..\..\src\crypto\belt\belt_block.c">
      <Filter>Source Files\crypto\belt</Filter>
    </ClCompile>
    <ClCompile Include="..\..\src\crypto\belt\belt_cbc.c">
      <Filter>Source Files\crypto\belt</Filter>
    </ClCompile>
    <ClCompile Include="..\..\src\crypto\belt\belt_cfb.c">
      <Filter>Source Files\crypto\belt</Filter>
    </ClCompile>
    <ClCompile Include="..\..\src\crypto\belt\belt_compr.c">
      <Filter>Source Files\crypto\belt</Filter>
    </ClCompile>
    <ClCompile Include="..\..\src\crypto\belt\belt_ctr.c">
      <Filter>Source Files\crypto\belt</Filter>
    </ClCompile>
    <ClCompile Include="..\..\src\crypto\belt\belt_dwp.c">
      <Filter>Source Files\crypto\belt</Filter>
    </ClCompile>
    <ClCompile Include="..\..\src\crypto\belt\belt_ecb.c">
      <Filter>Source Files\crypto\belt</Filter>
    </ClCompile>
    <ClCompile Include="..\..\src\crypto\belt\belt_fmt.c">
      <Filter>Source Files\crypto\belt</Filter>
    </ClCompile>
    <ClCompile Include="..\..\src\crypto\belt\belt_hash.c">
      <Filter>Source Files\crypto\belt</Filter>
    </ClCompile>
    <ClCompile Include="..\..\src\crypto\belt\belt_hmac.c">
      <Filter>Source Files\crypto\belt</Filter>
    </ClCompile>
    <ClCompile Include="..\..\src\crypto\belt\belt_krp.c">
      <Filter>Source Files\crypto\belt</Filter>
    </ClCompile>
    <ClCompile Include="..\..\src\crypto\belt\belt_kwp.c">
      <Filter>Source Files\crypto\belt</Filter>
    </ClCompile>
    <ClCompile Include="..\..\src\crypto\belt\belt_mac.c">
      <Filter>Source Files\crypto\belt</Filter>
    </ClCompile>
    <ClCompile Include="..\..\src\crypto\belt\belt_pbkdf.c">
      <Filter>Source Files\crypto\belt</Filter>
    </ClCompile>
    <ClCompile Include="..\..\src\crypto\belt\belt_sde.c">
      <Filter>Source Files\crypto\belt</Filter>
    </ClCompile>
    <ClCompile Include="..\..\src\crypto\belt\belt_wbl.c">
      <Filter>Source Files\crypto\belt</Filter>
    </ClCompile>
    <ClCompile Include="..\..\src\math\zz\zz_add.c">
      <Filter>Source Files\math\zz</Filter>
    </ClCompile>
    <ClCompile Include="..\..\src\math\zz\zz_etc.c">
      <Filter>Source Files\math\zz</Filter>
    </ClCompile>
    <ClCompile Include="..\..\src\math\zz\zz_gcd.c">
      <Filter>Source Files\math\zz</Filter>
    </ClCompile>
    <ClCompile Include="..\..\src\math\zz\zz_mod.c">
      <Filter>Source Files\math\zz</Filter>
    </ClCompile>
    <ClCompile Include="..\..\src\math\zz\zz_mul.c">
      <Filter>Source Files\math\zz</Filter>
    </ClCompile>
    <ClCompile Include="..\..\src\math\zz\zz_pow.c">
      <Filter>Source Files\math\zz</Filter>
    </ClCompile>
    <ClCompile Include="..\..\src\math\zz\zz_red.c">
      <Filter>Source Files\math\zz</Filter>
    </ClCompile>
    <ClCompile Include="..\..\src\core\hex.c">
      <Filter>Source Files\core</Filter>
    </ClCompile>
    <ClCompile Include="..\..\src\crypto\bash\bash_f.c">
      <Filter>Source Files\crypto\bash</Filter>
    </ClCompile>
    <ClCompile Include="..\..\src\crypto\bash\bash_hash.c">
      <Filter>Source Files\crypto\bash</Filter>
    </ClCompile>
    <ClCompile Include="..\..\src\crypto\botp.c">
      <Filter>Source Files\crypto</Filter>
    </ClCompile>
    <ClCompile Include="..\..\src\core\b64.c">
      <Filter>Source Files\core</Filter>
    </ClCompile>
    <ClCompile Include="..\..\src\core\dec.c">
      <Filter>Source Files\core</Filter>
    </ClCompile>
    <ClCompile Include="..\..\src\core\u16.c">
      <Filter>Source Files\core</Filter>
    </ClCompile>
    <ClCompile Include="..\..\src\core\u32.c">
      <Filter>Source Files\core</Filter>
    </ClCompile>
    <ClCompile Include="..\..\src\core\u64.c">
      <Filter>Source Files\core</Filter>
    </ClCompile>
    <ClCompile Include="..\..\src\crypto\belt\belt_lcl.c">
      <Filter>Source Files\crypto\belt</Filter>
    </ClCompile>
    <ClCompile Include="..\..\src\core\word.c">
      <Filter>Source Files\core</Filter>
    </ClCompile>
    <ClCompile Include="..\..\src\crypto\belt\belt_che.c">
      <Filter>Source Files\crypto\belt</Filter>
    </ClCompile>
    <ClCompile Include="..\..\src\crypto\bash\bash_prg.c">
      <Filter>Source Files\crypto\bash</Filter>
    </ClCompile>
    <ClCompile Include="..\..\src\crypto\bpki.c">
      <Filter>Source Files\crypto</Filter>
    </ClCompile>
    <ClCompile Include="..\..\src\crypto\btok\btok_cvc.c">
      <Filter>Source Files\crypto\btok</Filter>
    </ClCompile>
    <ClCompile Include="..\..\src\crypto\btok\btok_pwd.c">
      <Filter>Source Files\crypto\btok</Filter>
    </ClCompile>
    <ClCompile Include="..\..\src\core\apdu.c">
      <Filter>Source Files\core</Filter>
    </ClCompile>
    <ClCompile Include="..\..\src\crypto\btok\btok_sm.c">
      <Filter>Source Files\crypto\btok</Filter>
    </ClCompile>
    <ClCompile Include="..\..\src\crypto\btok\btok_bauth.c">
      <Filter>Source Files\crypto\btok</Filter>
    </ClCompile>
    <ClCompile Include="..\..\src\crypto\bign96.c">
      <Filter>Source Files\crypto</Filter>
    </ClCompile>
    <ClCompile Include="..\..\src\crypto\stb99.c">
      <Filter>Source Files\crypto</Filter>
    </ClCompile>
    <ClCompile Include="..\..\src\crypto\bign\bign_ibs.c">
      <Filter>Source Files\crypto\bign</Filter>
    </ClCompile>
    <ClCompile Include="..\..\src\crypto\bign\bign_keyt.c">
      <Filter>Source Files\crypto\bign</Filter>
    </ClCompile>
    <ClCompile Include="..\..\src\crypto\bign\bign_lcl.c">
      <Filter>Source Files\crypto\bign</Filter>
    </ClCompile>
    <ClCompile Include="..\..\src\crypto\bign\bign_misc.c">
      <Filter>Source Files\crypto\bign</Filter>
    </ClCompile>
    <ClCompile Include="..\..\src\crypto\bign\bign_params.c">
      <Filter>Source Files\crypto\bign</Filter>
    </ClCompile>
    <ClCompile Include="..\..\src\crypto\bign\bign_sign.c">
      <Filter>Source Files\crypto\bign</Filter>
    </ClCompile>
    <ClCompile Include="..\..\src\math\pp\pp_etc.c">
      <Filter>Source Files\math\pp</Filter>
    </ClCompile>
    <ClCompile Include="..\..\src\math\pp\pp_gcd.c">
      <Filter>Source Files\math\pp</Filter>
    </ClCompile>
    <ClCompile Include="..\..\src\math\pp\pp_mod.c">
      <Filter>Source Files\math\pp</Filter>
    </ClCompile>
    <ClCompile Include="..\..\src\math\pp\pp_mul.c">
      <Filter>Source Files\math\pp</Filter>
    </ClCompile>
    <ClCompile Include="..\..\src\math\pp\pp_red.c">
      <Filter>Source Files\math\pp</Filter>
    </ClCompile>
    <ClCompile Include="..\..\src\core\toml.c">
      <Filter>Source Files\core</Filter>
    </ClCompile>
  </ItemGroup>
  <ItemGroup>
    <ClInclude Include="..\..\include\bee2\crypto\bake.h">
      <Filter>Header Files\crypto</Filter>
    </ClInclude>
    <ClInclude Include="..\..\include\bee2\crypto\bels.h">
      <Filter>Header Files\crypto</Filter>
    </ClInclude>
    <ClInclude Include="..\..\include\bee2\crypto\belt.h">
      <Filter>Header Files\crypto</Filter>
    </ClInclude>
    <ClInclude Include="..\..\include\bee2\crypto\bign.h">
      <Filter>Header Files\crypto</Filter>
    </ClInclude>
    <ClInclude Include="..\..\include\bee2\crypto\brng.h">
      <Filter>Header Files\crypto</Filter>
    </ClInclude>
    <ClInclude Include="..\..\include\bee2\core\blob.h">
      <Filter>Header Files\core</Filter>
    </ClInclude>
    <ClInclude Include="..\..\include\bee2\core\der.h">
      <Filter>Header Files\core</Filter>
    </ClInclude>
    <ClInclude Include="..\..\include\bee2\core\mem.h">
      <Filter>Header Files\core</Filter>
    </ClInclude>
    <ClInclude Include="..\..\include\bee2\core\mt.h">
      <Filter>Header Files\core</Filter>
    </ClInclude>
    <ClInclude Include="..\..\include\bee2\core\obj.h">
      <Filter>Header Files\core</Filter>
    </ClInclude>
    <ClInclude Include="..\..\include\bee2\core\oid.h">
      <Filter>Header Files\core</Filter>
    </ClInclude>
    <ClInclude Include="..\..\include\bee2\crypto\pfok.h">
      <Filter>Header Files\crypto</Filter>
    </ClInclude>
    <ClInclude Include="..\..\include\bee2\crypto\g12s.h">
      <Filter>Header Files\crypto</Filter>
    </ClInclude>
    <ClInclude Include="..\..\include\bee2\crypto\dstu.h">
      <Filter>Header Files\crypto</Filter>
    </ClInclude>
    <ClInclude Include="..\..\include\bee2\math\ec.h">
      <Filter>Header Files\math</Filter>
    </ClInclude>
    <ClInclude Include="..\..\include\bee2\math\pp.h">
      <Filter>Header Files\math</Filter>
    </ClInclude>
    <ClInclude Include="..\..\include\bee2\math\ec2.h">
      <Filter>Header Files\math</Filter>
    </ClInclude>
    <ClInclude Include="..\..\include\bee2\math\ecp.h">
      <Filter>Header Files\math</Filter>
    </ClInclude>
    <ClInclude Include="..\..\include\bee2\math\gf2.h">
      <Filter>Header Files\math</Filter>
    </ClInclude>
    <ClInclude Include="..\..\include\bee2\math\gfp.h">
      <Filter>Header Files\math</Filter>
    </ClInclude>
    <ClInclude Include="..\..\include\bee2\core\err.h">
      <Filter>Header Files\core</Filter>
    </ClInclude>
    <ClInclude Include="..\..\include\bee2\core\safe.h">
      <Filter>Header Files\core</Filter>
    </ClInclude>
    <ClInclude Include="..\..\include\bee2\core\stack.h">
      <Filter>Header Files\core</Filter>
    </ClInclude>
    <ClInclude Include="..\..\include\bee2\core\str.h">
      <Filter>Header Files\core</Filter>
    </ClInclude>
    <ClInclude Include="..\..\include\bee2\core\util.h">
      <Filter>Header Files\core</Filter>
    </ClInclude>
    <ClInclude Include="..\..\include\bee2\math\qr.h">
      <Filter>Header Files\math</Filter>
    </ClInclude>
    <ClInclude Include="..\..\include\bee2\math\ww.h">
      <Filter>Header Files\math</Filter>
    </ClInclude>
    <ClInclude Include="..\..\include\bee2\math\zm.h">
      <Filter>Header Files\math</Filter>
    </ClInclude>
    <ClInclude Include="..\..\include\bee2\math\zz.h">
      <Filter>Header Files\math</Filter>
    </ClInclude>
    <ClInclude Include="..\..\include\bee2\math\pri.h">
      <Filter>Header Files\math</Filter>
    </ClInclude>
    <ClInclude Include="..\..\include\bee2\core\prng.h">
      <Filter>Header Files\core</Filter>
    </ClInclude>
    <ClInclude Include="..\..\include\bee2\core\rng.h">
      <Filter>Header Files\core</Filter>
    </ClInclude>
    <ClInclude Include="..\..\include\bee2\core\tm.h">
      <Filter>Header Files\core</Filter>
    </ClInclude>
    <ClInclude Include="..\..\include\bee2\defs.h">
      <Filter>Header Files</Filter>
    </ClInclude>
    <ClInclude Include="..\..\include\bee2\info.h">
      <Filter>Header Files</Filter>
    </ClInclude>
    <ClInclude Include="..\..\include\bee2\crypto\bash.h">
      <Filter>Header Files\crypto</Filter>
    </ClInclude>
    <ClInclude Include="..\..\include\bee2\crypto\botp.h">
      <Filter>Header Files\crypto</Filter>
    </ClInclude>
    <ClInclude Include="..\..\include\bee2\core\b64.h">
      <Filter>Header Files\core</Filter>
    </ClInclude>
    <ClInclude Include="..\..\include\bee2\core\dec.h">
      <Filter>Header Files\core</Filter>
    </ClInclude>
    <ClInclude Include="..\..\include\bee2\core\hex.h">
      <Filter>Header Files\core</Filter>
    </ClInclude>
    <ClInclude Include="..\..\include\bee2\core\u16.h">
      <Filter>Header Files\core</Filter>
    </ClInclude>
    <ClInclude Include="..\..\include\bee2\core\u32.h">
      <Filter>Header Files\core</Filter>
    </ClInclude>
    <ClInclude Include="..\..\include\bee2\core\u64.h">
      <Filter>Header Files\core</Filter>
    </ClInclude>
    <ClInclude Include="..\..\include\bee2\core\word.h">
      <Filter>Header Files\core</Filter>
    </ClInclude>
    <ClInclude Include="..\..\src\crypto\belt\belt_lcl.h">
      <Filter>Source Files\crypto\belt</Filter>
    </ClInclude>
    <ClInclude Include="..\..\include\bee2\crypto\bpki.h">
      <Filter>Header Files\crypto</Filter>
    </ClInclude>
    <ClInclude Include="..\..\include\bee2\crypto\btok.h">
      <Filter>Header Files\crypto</Filter>
    </ClInclude>
    <ClInclude Include="..\..\include\bee2\core\apdu.h">
      <Filter>Header Files\core</Filter>
    </ClInclude>
    <ClInclude Include="..\..\include\bee2\crypto\bign96.h">
      <Filter>Header Files\crypto</Filter>
    </ClInclude>
    <ClInclude Include="..\..\include\bee2\crypto\stb99.h">
      <Filter>Header Files\crypto</Filter>
    </ClInclude>
    <ClInclude Include="..\..\src\crypto\bign\bign_lcl.h">
      <Filter>Source Files\crypto\bign</Filter>
    </ClInclude>
    <ClInclude Include="..\..\src\math\zz\zz_lcl.h">
      <Filter>Source Files\math\zz</Filter>
    </ClInclude>
    <ClInclude Include="..\..\include\bee2\core\toml.h">
      <Filter>Header Files\core</Filter>
    </ClInclude>
  </ItemGroup>
</Project>