<?xml version="1.0" encoding="utf-8"?>
<Project ToolsVersion="4.0" xmlns="http://schemas.microsoft.com/developer/msbuild/2003">
  <ItemGroup>
    <Filter Include="Source Files">
      <UniqueIdentifier>{4FC737F1-C7A5-4376-A066-2A32D752A2FF}</UniqueIdentifier>
      <Extensions>cpp;c;cc;cxx;def;odl;idl;hpj;bat;asm;asmx</Extensions>
    </Filter>
    <Filter Include="Source Files\core">
      <UniqueIdentifier>{bf88c591-f8a0-4322-a540-cdc0846d3d47}</UniqueIdentifier>
    </Filter>
    <Filter Include="Source Files\math">
      <UniqueIdentifier>{d8e98998-5969-41d0-86c9-2445a2989d42}</UniqueIdentifier>
    </Filter>
    <Filter Include="Source Files\crypto">
      <UniqueIdentifier>{5d09a496-9e19-4381-9b29-4d1437a63df7}</UniqueIdentifier>
    </Filter>
  </ItemGroup>
  <ItemGroup>
    <ClCompile Include="..\..\test\test.c">
      <Filter>Source Files</Filter>
    </ClCompile>
    <ClCompile Include="..\..\test\core\b64_test.c">
      <Filter>Source Files\core</Filter>
    </ClCompile>
    <ClCompile Include="..\..\test\core\dec_test.c">
      <Filter>Source Files\core</Filter>
    </ClCompile>
    <ClCompile Include="..\..\test\core\hex_test.c">
      <Filter>Source Files\core</Filter>
    </ClCompile>
    <ClCompile Include="..\..\test\core\mem_test.c">
      <Filter>Source Files\core</Filter>
    </ClCompile>
    <ClCompile Include="..\..\test\core\obj_test.c">
      <Filter>Source Files\core</Filter>
    </ClCompile>
    <ClCompile Include="..\..\test\core\oid_test.c">
      <Filter>Source Files\core</Filter>
    </ClCompile>
    <ClCompile Include="..\..\test\core\prng_test.c">
      <Filter>Source Files\core</Filter>
    </ClCompile>
    <ClCompile Include="..\..\test\core\rng_test.c">
      <Filter>Source Files\core</Filter>
    </ClCompile>
    <ClCompile Include="..\..\test\core\str_test.c">
      <Filter>Source Files\core</Filter>
    </ClCompile>
    <ClCompile Include="..\..\test\core\tm_test.c">
      <Filter>Source Files\core</Filter>
    </ClCompile>
    <ClCompile Include="..\..\test\core\u16_test.c">
      <Filter>Source Files\core</Filter>
    </ClCompile>
    <ClCompile Include="..\..\test\core\u32_test.c">
      <Filter>Source Files\core</Filter>
    </ClCompile>
    <ClCompile Include="..\..\test\core\u64_test.c">
      <Filter>Source Files\core</Filter>
    </ClCompile>
    <ClCompile Include="..\..\test\core\util_test.c">
      <Filter>Source Files\core</Filter>
    </ClCompile>
    <ClCompile Include="..\..\test\math\ecp_bench.c">
      <Filter>Source Files\math</Filter>
    </ClCompile>
    <ClCompile Include="..\..\test\math\ecp_test.c">
      <Filter>Source Files\math</Filter>
    </ClCompile>
    <ClCompile Include="..\..\test\math\pri_test.c">
      <Filter>Source Files\math</Filter>
    </ClCompile>
    <ClCompile Include="..\..\test\math\zz_test.c">
      <Filter>Source Files\math</Filter>
    </ClCompile>
    <ClCompile Include="..\..\test\math\word_test.c">
      <Filter>Source Files\math</Filter>
    </ClCompile>
    <ClCompile Include="..\..\test\crypto\bake_demo.c">
      <Filter>Source Files\crypto</Filter>
    </ClCompile>
    <ClCompile Include="..\..\test\crypto\bake_test.c">
      <Filter>Source Files\crypto</Filter>
    </ClCompile>
    <ClCompile Include="..\..\test\crypto\bash_bench.c">
      <Filter>Source Files\crypto</Filter>
    </ClCompile>
    <ClCompile Include="..\..\test\crypto\bash_test.c">
      <Filter>Source Files\crypto</Filter>
    </ClCompile>
    <ClCompile Include="..\..\test\crypto\bels_test.c">
      <Filter>Source Files\crypto</Filter>
    </ClCompile>
    <ClCompile Include="..\..\test\crypto\belt_bench.c">
      <Filter>Source Files\crypto</Filter>
    </ClCompile>
    <ClCompile Include="..\..\test\crypto\belt_test.c">
      <Filter>Source Files\crypto</Filter>
    </ClCompile>
    <ClCompile Include="..\..\test\crypto\bign_test.c">
      <Filter>Source Files\crypto</Filter>
    </ClCompile>
    <ClCompile Include="..\..\test\crypto\botp_test.c">
      <Filter>Source Files\crypto</Filter>
    </ClCompile>
    <ClCompile Include="..\..\test\crypto\brng_test.c">
      <Filter>Source Files\crypto</Filter>
    </ClCompile>
    <ClCompile Include="..\..\test\crypto\dstu_test.c">
      <Filter>Source Files\crypto</Filter>
    </ClCompile>
    <ClCompile Include="..\..\test\crypto\g12s_test.c">
      <Filter>Source Files\crypto</Filter>
    </ClCompile>
    <ClCompile Include="..\..\test\crypto\pfok_test.c">
      <Filter>Source Files\crypto</Filter>
    </ClCompile>
    <ClCompile Include="..\..\test\core\der_test.c">
      <Filter>Source Files\core</Filter>
    </ClCompile>
    <ClCompile Include="..\..\test\crypto\bpki_test.c">
      <Filter>Source Files\crypto</Filter>
    </ClCompile>
    <ClCompile Include="..\..\test\core\mt_test.c">
      <Filter>Source Files\core</Filter>
    </ClCompile>
    <ClCompile Include="..\..\test\crypto\btok_test.c">
      <Filter>Source Files\crypto</Filter>
    </ClCompile>
    <ClCompile Include="..\..\test\core\apdu_test.c">
      <Filter>Source Files\core</Filter>
    </ClCompile>
  </ItemGroup>
</Project>