
Microsoft Visual Studio Solution File, Format Version 10.00
# Visual Studio 2008
Project("{8BC9CEB8-8B4A-11D0-8D11-00A0C91BC942}") = "bee2", "bee2.vcproj", "{76530F38-A867-405F-A188-AC7CE92CB1AF}"
	ProjectSection(ProjectDependencies) = postProject
		{1B3F88D7-BD23-4398-A331-3DB139CF07EF} = {1B3F88D7-BD23-4398-A331-3DB139CF07EF}
	EndProjectSection
EndProject
Project("{8BC9CEB8-8B4A-11D0-8D11-00A0C91BC942}") = "libbee2", "libbee2.vcproj", "{1B3F88D7-BD23-4398-A331-3DB139CF07EF}"
EndProject
Project("{8BC9CEB8-8B4A-11D0-8D11-00A0C91BC942}") = "test", "test.vcproj", "{EFA32A17-0F7F-468B-88E5-455296084B8D}"
EndProject
Project("{8BC9CEB8-8B4A-11D0-8D11-00A0C91BC942}") = "cmd", "cmd.vcproj", "{5984CE52-1BB1-4F85-9930-FF5BAB757AD4}"
	ProjectSection(ProjectDependencies) = postProject
		{1B3F88D7-BD23-4398-A331-3DB139CF07EF} = {1B3F88D7-BD23-4398-A331-3DB139CF07EF}
	EndProjectSection
EndProject
Global
	GlobalSection(SolutionConfigurationPlatforms) = preSolution
		Debug|Win32 = Debug|Win32
		Debug|x64 = Debug|x64
		Release|Win32 = Release|Win32
		Release|x64 = Release|x64
	EndGlobalSection
	GlobalSection(ProjectConfigurationPlatforms) = postSolution
		{76530F38-A867-405F-A188-AC7CE92CB1AF}.Debug|Win32.ActiveCfg = Debug|Win32
		{76530F38-A867-405F-A188-AC7CE92CB1AF}.Debug|Win32.Build.0 = Debug|Win32
		{76530F38-A867-405F-A188-AC7CE92CB1AF}.Debug|x64.ActiveCfg = Debug|x64
		{76530F38-A867-405F-A188-AC7CE92CB1AF}.Debug|x64.Build.0 = Debug|x64
		{76530F38-A867-405F-A188-AC7CE92CB1AF}.Release|Win32.ActiveCfg = Release|Win32
		{76530F38-A867-405F-A188-AC7CE92CB1AF}.Release|Win32.Build.0 = Release|Win32
		{76530F38-A867-405F-A188-AC7CE92CB1AF}.Release|x64.ActiveCfg = Release|x64
		{76530F38-A867-405F-A188-AC7CE92CB1AF}.Release|x64.Build.0 = Release|x64
		{1B3F88D7-BD23-4398-A331-3DB139CF07EF}.Debug|Win32.ActiveCfg = Debug|Win32
		{1B3F88D7-BD23-4398-A331-3DB139CF07EF}.Debug|Win32.Build.0 = Debug|Win32
		{1B3F88D7-BD23-4398-A331-3DB139CF07EF}.Debug|x64.ActiveCfg = Debug|x64
		{1B3F88D7-BD23-4398-A331-3DB139CF07EF}.Debug|x64.Build.0 = Debug|x64
		{1B3F88D7-BD23-4398-A331-3DB139CF07EF}.Release|Win32.ActiveCfg = Release|Win32
		{1B3F88D7-BD23-4398-A331-3DB139CF07EF}.Release|Win32.Build.0 = Release|Win32
		{1B3F88D7-BD23-4398-A331-3DB139CF07EF}.Release|x64.ActiveCfg = Release|x64
		{1B3F88D7-BD23-4398-A331-3DB139CF07EF}.Release|x64.Build.0 = Release|x64
		{EFA32A17-0F7F-468B-88E5-455296084B8D}.Debug|Win32.ActiveCfg = Debug|Win32
		{EFA32A17-0F7F-468B-88E5-455296084B8D}.Debug|Win32.Build.0 = Debug|Win32
		{EFA32A17-0F7F-468B-88E5-455296084B8D}.Debug|x64.ActiveCfg = Debug|x64
		{EFA32A17-0F7F-468B-88E5-455296084B8D}.Debug|x64.Build.0 = Debug|x64
		{EFA32A17-0F7F-468B-88E5-455296084B8D}.Release|Win32.ActiveCfg = Release|Win32
		{EFA32A17-0F7F-468B-88E5-455296084B8D}.Release|Win32.Build.0 = Release|Win32
		{EFA32A17-0F7F-468B-88E5-455296084B8D}.Release|x64.ActiveCfg = Release|x64
		{EFA32A17-0F7F-468B-88E5-455296084B8D}.Release|x64.Build.0 = Release|x64
		{5984CE52-1BB1-4F85-9930-FF5BAB757AD4}.Debug|Win32.ActiveCfg = Debug|Win32
		{5984CE52-1BB1-4F85-9930-FF5BAB757AD4}.Debug|Win32.Build.0 = Debug|Win32
		{5984CE52-1BB1-4F85-9930-FF5BAB757AD4}.Debug|x64.ActiveCfg = Debug|x64
		{5984CE52-1BB1-4F85-9930-FF5BAB757AD4}.Debug|x64.Build.0 = Debug|x64
		{5984CE52-1BB1-4F85-9930-FF5BAB757AD4}.Release|Win32.ActiveCfg = Release|Win32
		{5984CE52-1BB1-4F85-9930-FF5BAB757AD4}.Release|Win32.Build.0 = Release|Win32
		{5984CE52-1BB1-4F85-9930-FF5BAB757AD4}.Release|x64.ActiveCfg = Release|x64
		{5984CE52-1BB1-4F85-9930-FF5BAB757AD4}.Release|x64.Build.0 = Release|x64
	EndGlobalSection
	GlobalSection(SolutionProperties) = preSolution
		HideSolutionNode = FALSE
	EndGlobalSection
EndGlobal
